// !$*UTF8*$!
{
	archiveVersion = 1;
	classes = {
	};
	objectVersion = 50;
	objects = {

/* Begin PBXBuildFile section */
		A083C1FE23C4F1D2006DC5E9 /* Concentrate.swift in Sources */ = {isa = PBXBuildFile; fileRef = A083C1FD23C4F1D2006DC5E9 /* Concentrate.swift */; };
		A083C20023C4F2A7006DC5E9 /* Card.swift in Sources */ = {isa = PBXBuildFile; fileRef = A083C1FF23C4F2A7006DC5E9 /* Card.swift */; };
		A0B146C823C3810700A28421 /* AppDelegate.swift in Sources */ = {isa = PBXBuildFile; fileRef = A0B146C723C3810700A28421 /* AppDelegate.swift */; };
		A0B146CA23C3810700A28421 /* SceneDelegate.swift in Sources */ = {isa = PBXBuildFile; fileRef = A0B146C923C3810700A28421 /* SceneDelegate.swift */; };
		A0B146CC23C3810700A28421 /* ViewController.swift in Sources */ = {isa = PBXBuildFile; fileRef = A0B146CB23C3810700A28421 /* ViewController.swift */; };
		A0B146CF23C3810700A28421 /* Main.storyboard in Resources */ = {isa = PBXBuildFile; fileRef = A0B146CD23C3810700A28421 /* Main.storyboard */; };
		A0B146D123C3810700A28421 /* Assets.xcassets in Resources */ = {isa = PBXBuildFile; fileRef = A0B146D023C3810700A28421 /* Assets.xcassets */; };
		A0B146D423C3810700A28421 /* LaunchScreen.storyboard in Resources */ = {isa = PBXBuildFile; fileRef = A0B146D223C3810700A28421 /* LaunchScreen.storyboard */; };
		A0B146DC23C393C300A28421 /* icons8-settings-64.png in Resources */ = {isa = PBXBuildFile; fileRef = A0B146DB23C393C300A28421 /* icons8-settings-64.png */; };
/* End PBXBuildFile section */

/* Begin PBXFileReference section */
		A083C1FD23C4F1D2006DC5E9 /* Concentrate.swift */ = {isa = PBXFileReference; lastKnownFileType = sourcecode.swift; path = Concentrate.swift; sourceTree = "<group>"; };
		A083C1FF23C4F2A7006DC5E9 /* Card.swift */ = {isa = PBXFileReference; lastKnownFileType = sourcecode.swift; path = Card.swift; sourceTree = "<group>"; };
		A0B146C423C3810700A28421 /* Concentrate.app */ = {isa = PBXFileReference; explicitFileType = wrapper.application; includeInIndex = 0; path = Concentrate.app; sourceTree = BUILT_PRODUCTS_DIR; };
		A0B146C723C3810700A28421 /* AppDelegate.swift */ = {isa = PBXFileReference; lastKnownFileType = sourcecode.swift; path = AppDelegate.swift; sourceTree = "<group>"; };
		A0B146C923C3810700A28421 /* SceneDelegate.swift */ = {isa = PBXFileReference; lastKnownFileType = sourcecode.swift; path = SceneDelegate.swift; sourceTree = "<group>"; };
		A0B146CB23C3810700A28421 /* ViewController.swift */ = {isa = PBXFileReference; lastKnownFileType = sourcecode.swift; path = ViewController.swift; sourceTree = "<group>"; };
		A0B146CE23C3810700A28421 /* Base */ = {isa = PBXFileReference; lastKnownFileType = file.storyboard; name = Base; path = Base.lproj/Main.storyboard; sourceTree = "<group>"; };
		A0B146D023C3810700A28421 /* Assets.xcassets */ = {isa = PBXFileReference; lastKnownFileType = folder.assetcatalog; path = Assets.xcassets; sourceTree = "<group>"; };
		A0B146D323C3810700A28421 /* Base */ = {isa = PBXFileReference; lastKnownFileType = file.storyboard; name = Base; path = Base.lproj/LaunchScreen.storyboard; sourceTree = "<group>"; };
		A0B146D523C3810700A28421 /* Info.plist */ = {isa = PBXFileReference; lastKnownFileType = text.plist.xml; path = Info.plist; sourceTree = "<group>"; };
		A0B146DB23C393C300A28421 /* icons8-settings-64.png */ = {isa = PBXFileReference; lastKnownFileType = image.png; name = "icons8-settings-64.png"; path = "../../../../Downloads/icons8-settings-64.png"; sourceTree = "<group>"; };
/* End PBXFileReference section */

/* Begin PBXFrameworksBuildPhase section */
		A0B146C123C3810700A28421 /* Frameworks */ = {
			isa = PBXFrameworksBuildPhase;
			buildActionMask = 2147483647;
			files = (
			);
			runOnlyForDeploymentPostprocessing = 0;
		};
/* End PBXFrameworksBuildPhase section */

/* Begin PBXGroup section */
		A0B146BB23C3810600A28421 = {
			isa = PBXGroup;
			children = (
				A0B146C623C3810700A28421 /* Concentrate */,
				A0B146C523C3810700A28421 /* Products */,
			);
			sourceTree = "<group>";
		};
		A0B146C523C3810700A28421 /* Products */ = {
			isa = PBXGroup;
			children = (
				A0B146C423C3810700A28421 /* Concentrate.app */,
			);
			name = Products;
			sourceTree = "<group>";
		};
		A0B146C623C3810700A28421 /* Concentrate */ = {
			isa = PBXGroup;
			children = (
				A0B146C723C3810700A28421 /* AppDelegate.swift */,
				A0B146C923C3810700A28421 /* SceneDelegate.swift */,
				A0B146CB23C3810700A28421 /* ViewController.swift */,
				A0B146CD23C3810700A28421 /* Main.storyboard */,
				A083C1FD23C4F1D2006DC5E9 /* Concentrate.swift */,
				A083C1FF23C4F2A7006DC5E9 /* Card.swift */,
				A0B146D023C3810700A28421 /* Assets.xcassets */,
				A0B146D223C3810700A28421 /* LaunchScreen.storyboard */,
				A0B146D523C3810700A28421 /* Info.plist */,
				A0B146DB23C393C300A28421 /* icons8-settings-64.png */,
			);
			path = Concentrate;
			sourceTree = "<group>";
		};
/* End PBXGroup section */

/* Begin PBXNativeTarget section */
		A0B146C323C3810700A28421 /* Concentrate */ = {
			isa = PBXNativeTarget;
			buildConfigurationList = A0B146D823C3810700A28421 /* Build configuration list for PBXNativeTarget "Concentrate" */;
			buildPhases = (
				A0B146C023C3810700A28421 /* Sources */,
				A0B146C123C3810700A28421 /* Frameworks */,
				A0B146C223C3810700A28421 /* Resources */,
			);
			buildRules = (
			);
			dependencies = (
			);
			name = Concentrate;
			productName = Concentrate;
			productReference = A0B146C423C3810700A28421 /* Concentrate.app */;
			productType = "com.apple.product-type.application";
		};
/* End PBXNativeTarget section */

/* Begin PBXProject section */
		A0B146BC23C3810600A28421 /* Project object */ = {
			isa = PBXProject;
			attributes = {
				LastSwiftUpdateCheck = 1130;
				LastUpgradeCheck = 1130;
				ORGANIZATIONNAME = "Milan Milanov";
				TargetAttributes = {
					A0B146C323C3810700A28421 = {
						CreatedOnToolsVersion = 11.3;
					};
				};
			};
			buildConfigurationList = A0B146BF23C3810600A28421 /* Build configuration list for PBXProject "Concentrate" */;
			compatibilityVersion = "Xcode 9.3";
			developmentRegion = en;
			hasScannedForEncodings = 0;
			knownRegions = (
				en,
				Base,
			);
			mainGroup = A0B146BB23C3810600A28421;
			productRefGroup = A0B146C523C3810700A28421 /* Products */;
			projectDirPath = "";
			projectRoot = "";
			targets = (
				A0B146C323C3810700A28421 /* Concentrate */,
			);
		};
/* End PBXProject section */

/* Begin PBXResourcesBuildPhase section */
		A0B146C223C3810700A28421 /* Resources */ = {
			isa = PBXResourcesBuildPhase;
			buildActionMask = 2147483647;
			files = (
				A0B146D423C3810700A28421 /* LaunchScreen.storyboard in Resources */,
				A0B146D123C3810700A28421 /* Assets.xcassets in Resources */,
				A0B146DC23C393C300A28421 /* icons8-settings-64.png in Resources */,
				A0B146CF23C3810700A28421 /* Main.storyboard in Resources */,
			);
			runOnlyForDeploymentPostprocessing = 0;
		};
/* End PBXResourcesBuildPhase section */

/* Begin PBXSourcesBuildPhase section */
		A0B146C023C3810700A28421 /* Sources */ = {
			isa = PBXSourcesBuildPhase;
			buildActionMask = 2147483647;
			files = (
				A0B146CC23C3810700A28421 /* ViewController.swift in Sources */,
				A0B146C823C3810700A28421 /* AppDelegate.swift in Sources */,
				A083C20023C4F2A7006DC5E9 /* Card.swift in Sources */,
				A083C1FE23C4F1D2006DC5E9 /* Concentrate.swift in Sources */,
				A0B146CA23C3810700A28421 /* SceneDelegate.swift in Sources */,
			);
			runOnlyForDeploymentPostprocessing = 0;
		};
/* End PBXSourcesBuildPhase section */

/* Begin PBXVariantGroup section */
		A0B146CD23C3810700A28421 /* Main.storyboard */ = {
			isa = PBXVariantGroup;
			children = (
				A0B146CE23C3810700A28421 /* Base */,
			);
			name = Main.storyboard;
			sourceTree = "<group>";
		};
		A0B146D223C3810700A28421 /* LaunchScreen.storyboard */ = {
			isa = PBXVariantGroup;
			children = (
				A0B146D323C3810700A28421 /* Base */,
			);
			name = LaunchScreen.storyboard;
			sourceTree = "<group>";
		};
/* End PBXVariantGroup section */

/* Begin XCBuildConfiguration section */
		A0B146D623C3810700A28421 /* Debug */ = {
			isa = XCBuildConfiguration;
			buildSettings = {
				ALWAYS_SEARCH_USER_PATHS = NO;
				CLANG_ANALYZER_NONNULL = YES;
				CLANG_ANALYZER_NUMBER_OBJECT_CONVERSION = YES_AGGRESSIVE;
				CLANG_CXX_LANGUAGE_STANDARD = "gnu++14";
				CLANG_CXX_LIBRARY = "libc++";
				CLANG_ENABLE_MODULES = YES;
				CLANG_ENABLE_OBJC_ARC = YES;
				CLANG_ENABLE_OBJC_WEAK = YES;
				CLANG_WARN_BLOCK_CAPTURE_AUTORELEASING = YES;
				CLANG_WARN_BOOL_CONVERSION = YES;
				CLANG_WARN_COMMA = YES;
				CLANG_WARN_CONSTANT_CONVERSION = YES;
				CLANG_WARN_DEPRECATED_OBJC_IMPLEMENTATIONS = YES;
				CLANG_WARN_DIRECT_OBJC_ISA_USAGE = YES_ERROR;
				CLANG_WARN_DOCUMENTATION_COMMENTS = YES;
				CLANG_WARN_EMPTY_BODY = YES;
				CLANG_WARN_ENUM_CONVERSION = YES;
				CLANG_WARN_INFINITE_RECURSION = YES;
				CLANG_WARN_INT_CONVERSION = YES;
				CLANG_WARN_NON_LITERAL_NULL_CONVERSION = YES;
				CLANG_WARN_OBJC_IMPLICIT_RETAIN_SELF = YES;
				CLANG_WARN_OBJC_LITERAL_CONVERSION = YES;
				CLANG_WARN_OBJC_ROOT_CLASS = YES_ERROR;
				CLANG_WARN_RANGE_LOOP_ANALYSIS = YES;
				CLANG_WARN_STRICT_PROTOTYPES = YES;
				CLANG_WARN_SUSPICIOUS_MOVE = YES;
				CLANG_WARN_UNGUARDED_AVAILABILITY = YES_AGGRESSIVE;
				CLANG_WARN_UNREACHABLE_CODE = YES;
				CLANG_WARN__DUPLICATE_METHOD_MATCH = YES;
				COPY_PHASE_STRIP = NO;
				DEBUG_INFORMATION_FORMAT = dwarf;
				ENABLE_STRICT_OBJC_MSGSEND = YES;
				ENABLE_TESTABILITY = YES;
				GCC_C_LANGUAGE_STANDARD = gnu11;
				GCC_DYNAMIC_NO_PIC = NO;
				GCC_NO_COMMON_BLOCKS = YES;
				GCC_OPTIMIZATION_LEVEL = 0;
				GCC_PREPROCESSOR_DEFINITIONS = (
					"DEBUG=1",
					"$(inherited)",
				);
				GCC_WARN_64_TO_32_BIT_CONVERSION = YES;
				GCC_WARN_ABOUT_RETURN_TYPE = YES_ERROR;
				GCC_WARN_UNDECLARED_SELECTOR = YES;
				GCC_WARN_UNINITIALIZED_AUTOS = YES_AGGRESSIVE;
				GCC_WARN_UNUSED_FUNCTION = YES;
				GCC_WARN_UNUSED_VARIABLE = YES;
				IPHONEOS_DEPLOYMENT_TARGET = 13.2;
				MTL_ENABLE_DEBUG_INFO = INCLUDE_SOURCE;
				MTL_FAST_MATH = YES;
				ONLY_ACTIVE_ARCH = YES;
				SDKROOT = iphoneos;
				SWIFT_ACTIVE_COMPILATION_CONDITIONS = DEBUG;
				SWIFT_OPTIMIZATION_LEVEL = "-Onone";
			};
			name = Debug;
		};
		A0B146D723C3810700A28421 /* Release */ = {
			isa = XCBuildConfiguration;
			buildSettings = {
				ALWAYS_SEARCH_USER_PATHS = NO;
				CLANG_ANALYZER_NONNULL = YES;
				CLANG_ANALYZER_NUMBER_OBJECT_CONVERSION = YES_AGGRESSIVE;
				CLANG_CXX_LANGUAGE_STANDARD = "gnu++14";
				CLANG_CXX_LIBRARY = "libc++";
				CLANG_ENABLE_MODULES = YES;
				CLANG_ENABLE_OBJC_ARC = YES;
				CLANG_ENABLE_OBJC_WEAK = YES;
				CLANG_WARN_BLOCK_CAPTURE_AUTORELEASING = YES;
				CLANG_WARN_BOOL_CONVERSION = YES;
				CLANG_WARN_COMMA = YES;
				CLANG_WARN_CONSTANT_CONVERSION = YES;
				CLANG_WARN_DEPRECATED_OBJC_IMPLEMENTATIONS = YES;
				CLANG_WARN_DIRECT_OBJC_ISA_USAGE = YES_ERROR;
				CLANG_WARN_DOCUMENTATION_COMMENTS = YES;
				CLANG_WARN_EMPTY_BODY = YES;
				CLANG_WARN_ENUM_CONVERSION = YES;
				CLANG_WARN_INFINITE_RECURSION = YES;
				CLANG_WARN_INT_CONVERSION = YES;
				CLANG_WARN_NON_LITERAL_NULL_CONVERSION = YES;
				CLANG_WARN_OBJC_IMPLICIT_RETAIN_SELF = YES;
				CLANG_WARN_OBJC_LITERAL_CONVERSION = YES;
				CLANG_WARN_OBJC_ROOT_CLASS = YES_ERROR;
				CLANG_WARN_RANGE_LOOP_ANALYSIS = YES;
				CLANG_WARN_STRICT_PROTOTYPES = YES;
				CLANG_WARN_SUSPICIOUS_MOVE = YES;
				CLANG_WARN_UNGUARDED_AVAILABILITY = YES_AGGRESSIVE;
				CLANG_WARN_UNREACHABLE_CODE = YES;
				CLANG_WARN__DUPLICATE_METHOD_MATCH = YES;
				COPY_PHASE_STRIP = NO;
				DEBUG_INFORMATION_FORMAT = "dwarf-with-dsym";
				ENABLE_NS_ASSERTIONS = NO;
				ENABLE_STRICT_OBJC_MSGSEND = YES;
				GCC_C_LANGUAGE_STANDARD = gnu11;
				GCC_NO_COMMON_BLOCKS = YES;
				GCC_WARN_64_TO_32_BIT_CONVERSION = YES;
				GCC_WARN_ABOUT_RETURN_TYPE = YES_ERROR;
				GCC_WARN_UNDECLARED_SELECTOR = YES;
				GCC_WARN_UNINITIALIZED_AUTOS = YES_AGGRESSIVE;
				GCC_WARN_UNUSED_FUNCTION = YES;
				GCC_WARN_UNUSED_VARIABLE = YES;
				IPHONEOS_DEPLOYMENT_TARGET = 13.2;
				MTL_ENABLE_DEBUG_INFO = NO;
				MTL_FAST_MATH = YES;
				SDKROOT = iphoneos;
				SWIFT_COMPILATION_MODE = wholemodule;
				SWIFT_OPTIMIZATION_LEVEL = "-O";
				VALIDATE_PRODUCT = YES;
			};
			name = Release;
		};
		A0B146D923C3810700A28421 /* Debug */ = {
			isa = XCBuildConfiguration;
			buildSettings = {
				ASSETCATALOG_COMPILER_APPICON_NAME = AppIcon;
				CODE_SIGN_STYLE = Automatic;
				DEVELOPMENT_TEAM = 46D7A6B579;
				INFOPLIST_FILE = Concentrate/Info.plist;
				LD_RUNPATH_SEARCH_PATHS = (
					"$(inherited)",
					"@executable_path/Frameworks",
				);
				PRODUCT_BUNDLE_IDENTIFIER = milanovsecond;
				PRODUCT_NAME = "$(TARGET_NAME)";
				SWIFT_VERSION = 5.0;
				TARGETED_DEVICE_FAMILY = "1,2";
			};
			name = Debug;
		};
		A0B146DA23C3810700A28421 /* Release */ = {
			isa = XCBuildConfiguration;
			buildSettings = {
				ASSETCATALOG_COMPILER_APPICON_NAME = AppIcon;
				CODE_SIGN_STYLE = Automatic;
				DEVELOPMENT_TEAM = 46D7A6B579;
				INFOPLIST_FILE = Concentrate/Info.plist;
				LD_RUNPATH_SEARCH_PATHS = (
					"$(inherited)",
					"@executable_path/Frameworks",
				);
				PRODUCT_BUNDLE_IDENTIFIER = milanovsecond;
				PRODUCT_NAME = "$(TARGET_NAME)";
				SWIFT_VERSION = 5.0;
				TARGETED_DEVICE_FAMILY = "1,2";
			};
			name = Release;
		};
/* End XCBuildConfiguration section */

/* Begin XCConfigurationList section */
		A0B146BF23C3810600A28421 /* Build configuration list for PBXProject "Concentrate" */ = {
			isa = XCConfigurationList;
			buildConfigurations = (
				A0B146D623C3810700A28421 /* Debug */,
				A0B146D723C3810700A28421 /* Release */,
			);
			defaultConfigurationIsVisible = 0;
			defaultConfigurationName = Release;
		};
		A0B146D823C3810700A28421 /* Build configuration list for PBXNativeTarget "Concentrate" */ = {
			isa = XCConfigurationList;
			buildConfigurations = (
				A0B146D923C3810700A28421 /* Debug */,
				A0B146DA23C3810700A28421 /* Release */,
			);
			defaultConfigurationIsVisible = 0;
			defaultConfigurationName = Release;
		};
/* End XCConfigurationList section */
	};
	rootObject = A0B146BC23C3810600A28421 /* Project object */;
}
